
Microsoft Visual Studio Solution File, Format Version 12.00
# Visual Studio Version 17
VisualStudioVersion = 17.14.36414.22 d17.14
MinimumVisualStudioVersion = 10.0.40219.1
Project("{FAE04EC0-301F-11D3-BF4B-00C04F79EFBC}") = "KAShop.Pl", "KAShop.Pl\KAShop.Pl.csproj", "{67EFC9E1-6171-4D81-8100-53FE5106EC5D}"
EndProject
Project("{FAE04EC0-301F-11D3-BF4B-00C04F79EFBC}") = "KAShop.Bll", "KAShop.Bll\KAShop.Bll.csproj", "{63F8B24F-757F-41D4-A80C-124BE5A67505}"
EndProject
Project("{FAE04EC0-301F-11D3-BF4B-00C04F79EFBC}") = "KAShop.Dal", "KAShop.Dal\KAShop.Dal.csproj", "{B8277C1C-09D3-4D7F-A3CB-231502233C28}"
EndProject
Global
	GlobalSection(SolutionConfigurationPlatforms) = preSolution
		Debug|Any CPU = Debug|Any CPU
		Release|Any CPU = Release|Any CPU
	EndGlobalSection
	GlobalSection(ProjectConfigurationPlatforms) = postSolution
		{67EFC9E1-6171-4D81-8100-53FE5106EC5D}.Debug|Any CPU.ActiveCfg = Debug|Any CPU
		{67EFC9E1-6171-4D81-8100-53FE5106EC5D}.Debug|Any CPU.Build.0 = Debug|Any CPU
		{67EFC9E1-6171-4D81-8100-53FE5106EC5D}.Release|Any CPU.ActiveCfg = Release|Any CPU
		{67EFC9E1-6171-4D81-8100-53FE5106EC5D}.Release|Any CPU.Build.0 = Release|Any CPU
		{63F8B24F-757F-41D4-A80C-124BE5A67505}.Debug|Any CPU.ActiveCfg = Debug|Any CPU
		{63F8B24F-757F-41D4-A80C-124BE5A67505}.Debug|Any CPU.Build.0 = Debug|Any CPU
		{63F8B24F-757F-41D4-A80C-124BE5A67505}.Release|Any CPU.ActiveCfg = Release|Any CPU
		{63F8B24F-757F-41D4-A80C-124BE5A67505}.Release|Any CPU.Build.0 = Release|Any CPU
		{B8277C1C-09D3-4D7F-A3CB-231502233C28}.Debug|Any CPU.ActiveCfg = Debug|Any CPU
		{B8277C1C-09D3-4D7F-A3CB-231502233C28}.Debug|Any CPU.Build.0 = Debug|Any CPU
		{B8277C1C-09D3-4D7F-A3CB-231502233C28}.Release|Any CPU.ActiveCfg = Release|Any CPU
		{B8277C1C-09D3-4D7F-A3CB-231502233C28}.Release|Any CPU.Build.0 = Release|Any CPU
	EndGlobalSection
	GlobalSection(SolutionProperties) = preSolution
		HideSolutionNode = FALSE
	EndGlobalSection
	GlobalSection(ExtensibilityGlobals) = postSolution
		SolutionGuid = {84DE2B36-4BC6-4119-9762-B399CBDF0DC4}
	EndGlobalSection
EndGlobal
